// !$*UTF8*$!
{
	archiveVersion = 1;
	classes = {
	};
	objectVersion = 46;
	objects = {

/* Begin PBXBuildFile section */
		6AC2775DD2B083493B42C9E0 /* libPods-MappableObjectGenerator.a in Frameworks */ = {isa = PBXBuildFile; fileRef = DF6D6A294D2597E1EFFE7874 /* libPods-MappableObjectGenerator.a */; };
		743A929520517D1B00668D76 /* _Employee.swift in Sources */ = {isa = PBXBuildFile; fileRef = 743A929420517D1B00668D76 /* _Employee.swift */; };
		743A929720518BB500668D76 /* Validators.swift in Sources */ = {isa = PBXBuildFile; fileRef = 743A929620518BB500668D76 /* Validators.swift */; };
		743A92992051919700668D76 /* CodableType.swift in Sources */ = {isa = PBXBuildFile; fileRef = 743A92982051919700668D76 /* CodableType.swift */; };
		743A929D2051944600668D76 /* JSONSchemaReader.swift in Sources */ = {isa = PBXBuildFile; fileRef = 743A929C2051944600668D76 /* JSONSchemaReader.swift */; };
		74B51513204C51EE002129A6 /* namespace-mappings.plist in Resources */ = {isa = PBXBuildFile; fileRef = 74B514A8204C51ED002129A6 /* namespace-mappings.plist */; };
		74CE799A204FF0CF005C5080 /* Person.json in Resources */ = {isa = PBXBuildFile; fileRef = 74CE7999204FF0CF005C5080 /* Person.json */; };
		74CE799C204FF593005C5080 /* Image.json in Resources */ = {isa = PBXBuildFile; fileRef = 74CE799B204FF593005C5080 /* Image.json */; };
		74CE799E204FF5EF005C5080 /* Employee.json in Resources */ = {isa = PBXBuildFile; fileRef = 74CE799D204FF5EF005C5080 /* Employee.json */; };
		74E87C28130C08720034B19F /* Main.m in Sources */ = {isa = PBXBuildFile; fileRef = 74E87C27130C08720034B19F /* Main.m */; };
		74FB413A203EC38C008E1959 /* MappableObjectGeneratorTests.swift in Sources */ = {isa = PBXBuildFile; fileRef = 74FB4139203EC38C008E1959 /* MappableObjectGeneratorTests.swift */; };
		8DD76FB00486AB0100D96B5E /* MappableObjectGenerator.1 in CopyFiles */ = {isa = PBXBuildFile; fileRef = C6A0FF2C0290799A04C91782 /* MappableObjectGenerator.1 */; };
		A83DF4F30A9247179C4A3B6C /* invalid-employee1.json in Resources */ = {isa = PBXBuildFile; fileRef = A83DFAFC94FC7D9C6D1DDAB8 /* invalid-employee1.json */; };
		A83DF70C20262AEE06145FB9 /* _Person.swift in Sources */ = {isa = PBXBuildFile; fileRef = A83DF8BD5B27EF6C69CB42BD /* _Person.swift */; };
		A83DFA513E188AA963E17E24 /* valid-employee.json in Resources */ = {isa = PBXBuildFile; fileRef = A83DFC44ACEABEF8D180DCC6 /* valid-employee.json */; };
		A83DFAD756C8667F51537956 /* _Image.swift in Sources */ = {isa = PBXBuildFile; fileRef = A83DF8368B2DAEA34B26AC2E /* _Image.swift */; };
		E377FEE853DCB92F4DDFF8EA /* libPods-MappableObjectGeneratorTests.a in Frameworks */ = {isa = PBXBuildFile; fileRef = 4CD75BE62139F5A999050D49 /* libPods-MappableObjectGeneratorTests.a */; };
/* End PBXBuildFile section */

/* Begin PBXCopyFilesBuildPhase section */
		8DD76FAF0486AB0100D96B5E /* CopyFiles */ = {
			isa = PBXCopyFilesBuildPhase;
			buildActionMask = 8;
			dstPath = /usr/share/man/man1/;
			dstSubfolderSpec = 0;
			files = (
				8DD76FB00486AB0100D96B5E /* MappableObjectGenerator.1 in CopyFiles */,
			);
			runOnlyForDeploymentPostprocessing = 1;
		};
/* End PBXCopyFilesBuildPhase section */

/* Begin PBXFileReference section */
		4CD75BE62139F5A999050D49 /* libPods-MappableObjectGeneratorTests.a */ = {isa = PBXFileReference; explicitFileType = archive.ar; includeInIndex = 0; path = "libPods-MappableObjectGeneratorTests.a"; sourceTree = BUILT_PRODUCTS_DIR; };
		742F0E6820512AE3006A1AEB /* MappableObjectGenerator.1 */ = {isa = PBXFileReference; lastKnownFileType = text.man; path = MappableObjectGenerator.1; sourceTree = "<group>"; };
		743A929420517D1B00668D76 /* _Employee.swift */ = {isa = PBXFileReference; fileEncoding = 4; lastKnownFileType = sourcecode.swift; path = _Employee.swift; sourceTree = "<group>"; };
		743A929620518BB500668D76 /* Validators.swift */ = {isa = PBXFileReference; lastKnownFileType = sourcecode.swift; path = Validators.swift; sourceTree = "<group>"; };
		743A92982051919700668D76 /* CodableType.swift */ = {isa = PBXFileReference; lastKnownFileType = sourcecode.swift; path = CodableType.swift; sourceTree = "<group>"; };
		743A929C2051944600668D76 /* JSONSchemaReader.swift */ = {isa = PBXFileReference; lastKnownFileType = sourcecode.swift; path = JSONSchemaReader.swift; sourceTree = "<group>"; };
		7477CA7720493D6200298945 /* MappableObject.m.mgtemplate */ = {isa = PBXFileReference; lastKnownFileType = text; path = MappableObject.m.mgtemplate; sourceTree = "<group>"; };
		7477CA7820493D6200298945 /* MappableObject-Swift4.mgtemplate */ = {isa = PBXFileReference; lastKnownFileType = text; path = "MappableObject-Swift4.mgtemplate"; sourceTree = "<group>"; };
		7477CA7E204953A500298945 /* CustomMappableObject-Swift4.mgtemplate */ = {isa = PBXFileReference; lastKnownFileType = text; path = "CustomMappableObject-Swift4.mgtemplate"; sourceTree = "<group>"; };
		7477CA7F204954C300298945 /* CustomMappableObject.m.mgtemplate */ = {isa = PBXFileReference; lastKnownFileType = text; path = CustomMappableObject.m.mgtemplate; sourceTree = "<group>"; };
		7477CA80204954C300298945 /* MappableObject.h.mgtemplate */ = {isa = PBXFileReference; lastKnownFileType = text; path = MappableObject.h.mgtemplate; sourceTree = "<group>"; };
		7477CA81204954C300298945 /* CustomMappableObject.h.mgtemplate */ = {isa = PBXFileReference; lastKnownFileType = text; path = CustomMappableObject.h.mgtemplate; sourceTree = "<group>"; };
		74B514A8204C51ED002129A6 /* namespace-mappings.plist */ = {isa = PBXFileReference; fileEncoding = 4; lastKnownFileType = text.plist.xml; path = "namespace-mappings.plist"; sourceTree = "<group>"; };
		74B51514204D2CB9002129A6 /* MappableObjectGeneratorTests-Bridging.h */ = {isa = PBXFileReference; lastKnownFileType = sourcecode.c.h; path = "MappableObjectGeneratorTests-Bridging.h"; sourceTree = "<group>"; };
		74BA77DD130C09700024BFB5 /* libicucore.dylib */ = {isa = PBXFileReference; lastKnownFileType = "compiled.mach-o.dylib"; name = libicucore.dylib; path = usr/lib/libicucore.dylib; sourceTree = SDKROOT; };
		74BA77E1130C099C0024BFB5 /* AppKit.framework */ = {isa = PBXFileReference; lastKnownFileType = wrapper.framework; name = AppKit.framework; path = System/Library/Frameworks/AppKit.framework; sourceTree = SDKROOT; };
		74BA77E7130C09AC0024BFB5 /* CoreData.framework */ = {isa = PBXFileReference; lastKnownFileType = wrapper.framework; name = CoreData.framework; path = System/Library/Frameworks/CoreData.framework; sourceTree = SDKROOT; };
		74CE7999204FF0CF005C5080 /* Person.json */ = {isa = PBXFileReference; lastKnownFileType = text.json; path = Person.json; sourceTree = "<group>"; };
		74CE799B204FF593005C5080 /* Image.json */ = {isa = PBXFileReference; lastKnownFileType = text.json; path = Image.json; sourceTree = "<group>"; };
		74CE799D204FF5EF005C5080 /* Employee.json */ = {isa = PBXFileReference; lastKnownFileType = text.json; path = Employee.json; sourceTree = "<group>"; };
		74E87AB5130C05150034B19F /* CoreFoundation.framework */ = {isa = PBXFileReference; lastKnownFileType = wrapper.framework; name = CoreFoundation.framework; path = System/Library/Frameworks/CoreFoundation.framework; sourceTree = SDKROOT; };
		74E87AB7130C05150034B19F /* Foundation.framework */ = {isa = PBXFileReference; lastKnownFileType = wrapper.framework; name = Foundation.framework; path = System/Library/Frameworks/Foundation.framework; sourceTree = SDKROOT; };
		74E87AB9130C05150034B19F /* QuartzCore.framework */ = {isa = PBXFileReference; lastKnownFileType = wrapper.framework; name = QuartzCore.framework; path = System/Library/Frameworks/QuartzCore.framework; sourceTree = SDKROOT; };
		74E87ABB130C05150034B19F /* Security.framework */ = {isa = PBXFileReference; lastKnownFileType = wrapper.framework; name = Security.framework; path = System/Library/Frameworks/Security.framework; sourceTree = SDKROOT; };
		74E87ABD130C05150034B19F /* SystemConfiguration.framework */ = {isa = PBXFileReference; lastKnownFileType = wrapper.framework; name = SystemConfiguration.framework; path = System/Library/Frameworks/SystemConfiguration.framework; sourceTree = SDKROOT; };
		74E87ABF130C05150034B19F /* libxml2.2.dylib */ = {isa = PBXFileReference; lastKnownFileType = "compiled.mach-o.dylib"; name = libxml2.2.dylib; path = usr/lib/libxml2.2.dylib; sourceTree = SDKROOT; };
		74E87C26130C08720034B19F /* Main.h */ = {isa = PBXFileReference; fileEncoding = 4; lastKnownFileType = sourcecode.c.h; path = Main.h; sourceTree = "<group>"; };
		74E87C27130C08720034B19F /* Main.m */ = {isa = PBXFileReference; fileEncoding = 4; lastKnownFileType = sourcecode.c.objc; path = Main.m; sourceTree = "<group>"; };
		74F1D45E14615CFA007FEF5E /* Info.plist */ = {isa = PBXFileReference; fileEncoding = 4; lastKnownFileType = text.plist.xml; path = Info.plist; sourceTree = "<group>"; };
		74FB4130203EB868008E1959 /* libz.dylib */ = {isa = PBXFileReference; lastKnownFileType = "compiled.mach-o.dylib"; name = libz.dylib; path = usr/lib/libz.dylib; sourceTree = SDKROOT; };
		74FB4137203EC38C008E1959 /* MappableObjectGeneratorTests.xctest */ = {isa = PBXFileReference; explicitFileType = wrapper.cfbundle; includeInIndex = 0; path = MappableObjectGeneratorTests.xctest; sourceTree = BUILT_PRODUCTS_DIR; };
		74FB4139203EC38C008E1959 /* MappableObjectGeneratorTests.swift */ = {isa = PBXFileReference; lastKnownFileType = sourcecode.swift; path = MappableObjectGeneratorTests.swift; sourceTree = "<group>"; };
		74FB413B203EC38C008E1959 /* Info.plist */ = {isa = PBXFileReference; lastKnownFileType = text.plist.xml; path = Info.plist; sourceTree = "<group>"; };
		8DD76FB20486AB0100D96B5E /* MappableObjectGenerator */ = {isa = PBXFileReference; explicitFileType = "compiled.mach-o.executable"; includeInIndex = 0; path = MappableObjectGenerator; sourceTree = BUILT_PRODUCTS_DIR; };
		937DD5D8EB934DEC297907C5 /* Pods-MappableObjectGeneratorTests.debug.xcconfig */ = {isa = PBXFileReference; includeInIndex = 1; lastKnownFileType = text.xcconfig; name = "Pods-MappableObjectGeneratorTests.debug.xcconfig"; path = "Pods/Target Support Files/Pods-MappableObjectGeneratorTests/Pods-MappableObjectGeneratorTests.debug.xcconfig"; sourceTree = "<group>"; };
		A83DF8368B2DAEA34B26AC2E /* _Image.swift */ = {isa = PBXFileReference; fileEncoding = 4; lastKnownFileType = sourcecode.swift; path = _Image.swift; sourceTree = "<group>"; };
		A83DF8BD5B27EF6C69CB42BD /* _Person.swift */ = {isa = PBXFileReference; fileEncoding = 4; lastKnownFileType = sourcecode.swift; path = _Person.swift; sourceTree = "<group>"; };
		A83DFAFC94FC7D9C6D1DDAB8 /* invalid-employee1.json */ = {isa = PBXFileReference; fileEncoding = 4; lastKnownFileType = text.json; path = "invalid-employee1.json"; sourceTree = "<group>"; };
		A83DFC44ACEABEF8D180DCC6 /* valid-employee.json */ = {isa = PBXFileReference; fileEncoding = 4; lastKnownFileType = text.json; path = "valid-employee.json"; sourceTree = "<group>"; };
		BB9B7E4087A26B8690C6B568 /* Pods-MappableObjectGeneratorTests.release.xcconfig */ = {isa = PBXFileReference; includeInIndex = 1; lastKnownFileType = text.xcconfig; name = "Pods-MappableObjectGeneratorTests.release.xcconfig"; path = "Pods/Target Support Files/Pods-MappableObjectGeneratorTests/Pods-MappableObjectGeneratorTests.release.xcconfig"; sourceTree = "<group>"; };
		C6A0FF2C0290799A04C91782 /* MappableObjectGenerator.1 */ = {isa = PBXFileReference; lastKnownFileType = text.man; path = MappableObjectGenerator.1; sourceTree = "<group>"; };
		DF6D6A294D2597E1EFFE7874 /* libPods-MappableObjectGenerator.a */ = {isa = PBXFileReference; explicitFileType = archive.ar; includeInIndex = 0; path = "libPods-MappableObjectGenerator.a"; sourceTree = BUILT_PRODUCTS_DIR; };
		EEA02DC87BE849939D65D4CF /* Pods-MappableObjectGenerator.release.xcconfig */ = {isa = PBXFileReference; includeInIndex = 1; lastKnownFileType = text.xcconfig; name = "Pods-MappableObjectGenerator.release.xcconfig"; path = "Pods/Target Support Files/Pods-MappableObjectGenerator/Pods-MappableObjectGenerator.release.xcconfig"; sourceTree = "<group>"; };
		FDEC846FE1D6C60BA4B2FCFA /* Pods-MappableObjectGenerator.debug.xcconfig */ = {isa = PBXFileReference; includeInIndex = 1; lastKnownFileType = text.xcconfig; name = "Pods-MappableObjectGenerator.debug.xcconfig"; path = "Pods/Target Support Files/Pods-MappableObjectGenerator/Pods-MappableObjectGenerator.debug.xcconfig"; sourceTree = "<group>"; };
/* End PBXFileReference section */

/* Begin PBXFrameworksBuildPhase section */
		74FB4134203EC38C008E1959 /* Frameworks */ = {
			isa = PBXFrameworksBuildPhase;
			buildActionMask = 2147483647;
			files = (
				E377FEE853DCB92F4DDFF8EA /* libPods-MappableObjectGeneratorTests.a in Frameworks */,
			);
			runOnlyForDeploymentPostprocessing = 0;
		};
		8DD76FAD0486AB0100D96B5E /* Frameworks */ = {
			isa = PBXFrameworksBuildPhase;
			buildActionMask = 2147483647;
			files = (
				6AC2775DD2B083493B42C9E0 /* libPods-MappableObjectGenerator.a in Frameworks */,
			);
			runOnlyForDeploymentPostprocessing = 0;
		};
/* End PBXFrameworksBuildPhase section */

/* Begin PBXGroup section */
		08FB7794FE84155DC02AAC07 /* MappableObjectGenerator */ = {
			isa = PBXGroup;
			children = (
				74B5143C204C51ED002129A6 /* Schemas */,
				7477CA7620493D6200298945 /* Templates */,
				74FB4138203EC38C008E1959 /* MappableObjectGeneratorTests */,
				74E874D4130BF1570034B19F /* Frameworks */,
				08FB7795FE84155DC02AAC07 /* MappableObjectGenerator */,
				C6A0FF2B0290797F04C91782 /* Documentation */,
				1AB674ADFE9D54B511CA2CBB /* Products */,
				F3B170DDFA850DA7DD78B98F /* Pods */,
			);
			name = MappableObjectGenerator;
			sourceTree = "<group>";
		};
		08FB7795FE84155DC02AAC07 /* MappableObjectGenerator */ = {
			isa = PBXGroup;
			children = (
				742F0E6820512AE3006A1AEB /* MappableObjectGenerator.1 */,
				74F1D45E14615CFA007FEF5E /* Info.plist */,
				74E874DE130BF1EC0034B19F /* Classes */,
			);
			path = MappableObjectGenerator;
			sourceTree = "<group>";
		};
		1AB674ADFE9D54B511CA2CBB /* Products */ = {
			isa = PBXGroup;
			children = (
				8DD76FB20486AB0100D96B5E /* MappableObjectGenerator */,
				74FB4137203EC38C008E1959 /* MappableObjectGeneratorTests.xctest */,
			);
			name = Products;
			sourceTree = "<group>";
		};
		7477CA7620493D6200298945 /* Templates */ = {
			isa = PBXGroup;
			children = (
				7477CA7E204953A500298945 /* CustomMappableObject-Swift4.mgtemplate */,
				7477CA81204954C300298945 /* CustomMappableObject.h.mgtemplate */,
				7477CA7F204954C300298945 /* CustomMappableObject.m.mgtemplate */,
				7477CA7820493D6200298945 /* MappableObject-Swift4.mgtemplate */,
				7477CA80204954C300298945 /* MappableObject.h.mgtemplate */,
				7477CA7720493D6200298945 /* MappableObject.m.mgtemplate */,
			);
			path = Templates;
			sourceTree = "<group>";
		};
		7477CA792049466E00298945 /* Generated */ = {
			isa = PBXGroup;
			children = (
				743A929420517D1B00668D76 /* _Employee.swift */,
				A83DF8368B2DAEA34B26AC2E /* _Image.swift */,
				A83DF8BD5B27EF6C69CB42BD /* _Person.swift */,
			);
			path = Generated;
			sourceTree = "<group>";
		};
		74B5143C204C51ED002129A6 /* Schemas */ = {
			isa = PBXGroup;
			children = (
				74B5143D204C51ED002129A6 /* JSON */,
				74B514A8204C51ED002129A6 /* namespace-mappings.plist */,
			);
			path = Schemas;
			sourceTree = "<group>";
		};
		74B5143D204C51ED002129A6 /* JSON */ = {
			isa = PBXGroup;
			children = (
				74CE7999204FF0CF005C5080 /* Person.json */,
				74CE799B204FF593005C5080 /* Image.json */,
				74CE799D204FF5EF005C5080 /* Employee.json */,
			);
			path = JSON;
			sourceTree = "<group>";
		};
		74E874D4130BF1570034B19F /* Frameworks */ = {
			isa = PBXGroup;
			children = (
				74E87AB5130C05150034B19F /* CoreFoundation.framework */,
				74E87AB7130C05150034B19F /* Foundation.framework */,
				74E87AB9130C05150034B19F /* QuartzCore.framework */,
				74E87ABB130C05150034B19F /* Security.framework */,
				74E87ABD130C05150034B19F /* SystemConfiguration.framework */,
				74E87ABF130C05150034B19F /* libxml2.2.dylib */,
				74BA77DD130C09700024BFB5 /* libicucore.dylib */,
				74FB4130203EB868008E1959 /* libz.dylib */,
				74BA77E1130C099C0024BFB5 /* AppKit.framework */,
				74BA77E7130C09AC0024BFB5 /* CoreData.framework */,
				DF6D6A294D2597E1EFFE7874 /* libPods-MappableObjectGenerator.a */,
				4CD75BE62139F5A999050D49 /* libPods-MappableObjectGeneratorTests.a */,
			);
			name = Frameworks;
			sourceTree = "<group>";
		};
		74E874DE130BF1EC0034B19F /* Classes */ = {
			isa = PBXGroup;
			children = (
				74E87C26130C08720034B19F /* Main.h */,
				74E87C27130C08720034B19F /* Main.m */,
			);
			name = Classes;
			sourceTree = "<group>";
		};
		74FB4138203EC38C008E1959 /* MappableObjectGeneratorTests */ = {
			isa = PBXGroup;
			children = (
				7477CA792049466E00298945 /* Generated */,
				74FB4139203EC38C008E1959 /* MappableObjectGeneratorTests.swift */,
				74FB413B203EC38C008E1959 /* Info.plist */,
				74B51514204D2CB9002129A6 /* MappableObjectGeneratorTests-Bridging.h */,
				743A929620518BB500668D76 /* Validators.swift */,
				743A92982051919700668D76 /* CodableType.swift */,
				743A929C2051944600668D76 /* JSONSchemaReader.swift */,
				A83DFCE3CA4F01A47C5F645D /* Resources */,
			);
			path = MappableObjectGeneratorTests;
			sourceTree = "<group>";
		};
		A83DFCE3CA4F01A47C5F645D /* Resources */ = {
			isa = PBXGroup;
			children = (
				A83DFC44ACEABEF8D180DCC6 /* valid-employee.json */,
				A83DFAFC94FC7D9C6D1DDAB8 /* invalid-employee1.json */,
			);
			path = Resources;
			sourceTree = "<group>";
		};
		C6A0FF2B0290797F04C91782 /* Documentation */ = {
			isa = PBXGroup;
			children = (
				C6A0FF2C0290799A04C91782 /* MappableObjectGenerator.1 */,
			);
			name = Documentation;
			sourceTree = "<group>";
		};
		F3B170DDFA850DA7DD78B98F /* Pods */ = {
			isa = PBXGroup;
			children = (
				FDEC846FE1D6C60BA4B2FCFA /* Pods-MappableObjectGenerator.debug.xcconfig */,
				EEA02DC87BE849939D65D4CF /* Pods-MappableObjectGenerator.release.xcconfig */,
				937DD5D8EB934DEC297907C5 /* Pods-MappableObjectGeneratorTests.debug.xcconfig */,
				BB9B7E4087A26B8690C6B568 /* Pods-MappableObjectGeneratorTests.release.xcconfig */,
			);
			name = Pods;
			sourceTree = "<group>";
		};
/* End PBXGroup section */

/* Begin PBXNativeTarget section */
		74FB4136203EC38C008E1959 /* MappableObjectGeneratorTests */ = {
			isa = PBXNativeTarget;
			buildConfigurationList = 74FB413E203EC38C008E1959 /* Build configuration list for PBXNativeTarget "MappableObjectGeneratorTests" */;
			buildPhases = (
				5DA6D4928B883A486B321EEE /* [CP] Check Pods Manifest.lock */,
				74FB4133203EC38C008E1959 /* Sources */,
				74FB4134203EC38C008E1959 /* Frameworks */,
				74FB4135203EC38C008E1959 /* Resources */,
				001E64C2C3CE3A49F0D0E1A2 /* [CP] Embed Pods Frameworks */,
				B959BF1495573767DFCCE252 /* [CP] Copy Pods Resources */,
			);
			buildRules = (
			);
			dependencies = (
			);
			name = MappableObjectGeneratorTests;
			productName = MappableObjectGeneratorTests;
			productReference = 74FB4137203EC38C008E1959 /* MappableObjectGeneratorTests.xctest */;
			productType = "com.apple.product-type.bundle.unit-test";
		};
		8DD76FA90486AB0100D96B5E /* MappableObjectGenerator */ = {
			isa = PBXNativeTarget;
			buildConfigurationList = 1DEB928508733DD80010E9CD /* Build configuration list for PBXNativeTarget "MappableObjectGenerator" */;
			buildPhases = (
				9FFA0AA5E22B79F4A3B60134 /* [CP] Check Pods Manifest.lock */,
				8DD76FAB0486AB0100D96B5E /* Sources */,
				8DD76FAD0486AB0100D96B5E /* Frameworks */,
				8DD76FAF0486AB0100D96B5E /* CopyFiles */,
				C971E004A2D508E70E74ED4A /* [CP] Copy Pods Resources */,
			);
			buildRules = (
			);
			dependencies = (
			);
			name = MappableObjectGenerator;
			productInstallPath = "$(HOME)/bin";
			productName = MappableObjectGenerator;
			productReference = 8DD76FB20486AB0100D96B5E /* MappableObjectGenerator */;
			productType = "com.apple.product-type.tool";
		};
/* End PBXNativeTarget section */

/* Begin PBXProject section */
		08FB7793FE84155DC02AAC07 /* Project object */ = {
			isa = PBXProject;
			attributes = {
				LastSwiftUpdateCheck = 0920;
				LastUpgradeCheck = 0920;
				TargetAttributes = {
					74FB4136203EC38C008E1959 = {
						CreatedOnToolsVersion = 9.2;
						ProvisioningStyle = Automatic;
					};
				};
			};
			buildConfigurationList = 1DEB928908733DD80010E9CD /* Build configuration list for PBXProject "MappableObjectGenerator" */;
			compatibilityVersion = "Xcode 3.2";
			developmentRegion = English;
			hasScannedForEncodings = 1;
			knownRegions = (
				English,
				Japanese,
				French,
				German,
			);
			mainGroup = 08FB7794FE84155DC02AAC07 /* MappableObjectGenerator */;
			productRefGroup = 1AB674ADFE9D54B511CA2CBB /* Products */;
			projectDirPath = "";
			projectRoot = "";
			targets = (
				8DD76FA90486AB0100D96B5E /* MappableObjectGenerator */,
				74FB4136203EC38C008E1959 /* MappableObjectGeneratorTests */,
			);
		};
/* End PBXProject section */

/* Begin PBXResourcesBuildPhase section */
		74FB4135203EC38C008E1959 /* Resources */ = {
			isa = PBXResourcesBuildPhase;
			buildActionMask = 2147483647;
			files = (
				74CE799C204FF593005C5080 /* Image.json in Resources */,
				74B51513204C51EE002129A6 /* namespace-mappings.plist in Resources */,
				74CE799A204FF0CF005C5080 /* Person.json in Resources */,
				74CE799E204FF5EF005C5080 /* Employee.json in Resources */,
				A83DFA513E188AA963E17E24 /* valid-employee.json in Resources */,
				A83DF4F30A9247179C4A3B6C /* invalid-employee1.json in Resources */,
			);
			runOnlyForDeploymentPostprocessing = 0;
		};
/* End PBXResourcesBuildPhase section */

/* Begin PBXShellScriptBuildPhase section */
		001E64C2C3CE3A49F0D0E1A2 /* [CP] Embed Pods Frameworks */ = {
			isa = PBXShellScriptBuildPhase;
			buildActionMask = 2147483647;
			files = (
			);
			inputPaths = (
			);
			name = "[CP] Embed Pods Frameworks";
			outputPaths = (
			);
			runOnlyForDeploymentPostprocessing = 0;
			shellPath = /bin/sh;
			shellScript = "\"${SRCROOT}/Pods/Target Support Files/Pods-MappableObjectGeneratorTests/Pods-MappableObjectGeneratorTests-frameworks.sh\"\n";
			showEnvVarsInLog = 0;
		};
		5DA6D4928B883A486B321EEE /* [CP] Check Pods Manifest.lock */ = {
			isa = PBXShellScriptBuildPhase;
			buildActionMask = 2147483647;
			files = (
			);
			inputPaths = (
				"${PODS_PODFILE_DIR_PATH}/Podfile.lock",
				"${PODS_ROOT}/Manifest.lock",
			);
			name = "[CP] Check Pods Manifest.lock";
			outputPaths = (
				"$(DERIVED_FILE_DIR)/Pods-MappableObjectGeneratorTests-checkManifestLockResult.txt",
			);
			runOnlyForDeploymentPostprocessing = 0;
			shellPath = /bin/sh;
			shellScript = "diff \"${PODS_PODFILE_DIR_PATH}/Podfile.lock\" \"${PODS_ROOT}/Manifest.lock\" > /dev/null\nif [ $? != 0 ] ; then\n    # print error to STDERR\n    echo \"error: The sandbox is not in sync with the Podfile.lock. Run 'pod install' or update your CocoaPods installation.\" >&2\n    exit 1\nfi\n# This output is used by Xcode 'outputs' to avoid re-running this script phase.\necho \"SUCCESS\" > \"${SCRIPT_OUTPUT_FILE_0}\"\n";
			showEnvVarsInLog = 0;
		};
		9FFA0AA5E22B79F4A3B60134 /* [CP] Check Pods Manifest.lock */ = {
			isa = PBXShellScriptBuildPhase;
			buildActionMask = 2147483647;
			files = (
			);
			inputPaths = (
				"${PODS_PODFILE_DIR_PATH}/Podfile.lock",
				"${PODS_ROOT}/Manifest.lock",
			);
			name = "[CP] Check Pods Manifest.lock";
			outputPaths = (
				"$(DERIVED_FILE_DIR)/Pods-MappableObjectGenerator-checkManifestLockResult.txt",
			);
			runOnlyForDeploymentPostprocessing = 0;
			shellPath = /bin/sh;
			shellScript = "diff \"${PODS_PODFILE_DIR_PATH}/Podfile.lock\" \"${PODS_ROOT}/Manifest.lock\" > /dev/null\nif [ $? != 0 ] ; then\n    # print error to STDERR\n    echo \"error: The sandbox is not in sync with the Podfile.lock. Run 'pod install' or update your CocoaPods installation.\" >&2\n    exit 1\nfi\n# This output is used by Xcode 'outputs' to avoid re-running this script phase.\necho \"SUCCESS\" > \"${SCRIPT_OUTPUT_FILE_0}\"\n";
			showEnvVarsInLog = 0;
		};
		B959BF1495573767DFCCE252 /* [CP] Copy Pods Resources */ = {
			isa = PBXShellScriptBuildPhase;
			buildActionMask = 2147483647;
			files = (
			);
			inputPaths = (
				"${SRCROOT}/Pods/Target Support Files/Pods-MappableObjectGeneratorTests/Pods-MappableObjectGeneratorTests-resources.sh",
				$PODS_CONFIGURATION_BUILD_DIR/KiteJSONValidator/KiteJSONValidator.bundle,
			);
			name = "[CP] Copy Pods Resources";
			outputPaths = (
				"${TARGET_BUILD_DIR}/${UNLOCALIZED_RESOURCES_FOLDER_PATH}",
			);
			runOnlyForDeploymentPostprocessing = 0;
			shellPath = /bin/sh;
			shellScript = "\"${SRCROOT}/Pods/Target Support Files/Pods-MappableObjectGeneratorTests/Pods-MappableObjectGeneratorTests-resources.sh\"\n";
			showEnvVarsInLog = 0;
		};
		C971E004A2D508E70E74ED4A /* [CP] Copy Pods Resources */ = {
			isa = PBXShellScriptBuildPhase;
			buildActionMask = 2147483647;
			files = (
			);
			inputPaths = (
			);
			name = "[CP] Copy Pods Resources";
			outputPaths = (
			);
			runOnlyForDeploymentPostprocessing = 0;
			shellPath = /bin/sh;
			shellScript = "\"${SRCROOT}/Pods/Target Support Files/Pods-MappableObjectGenerator/Pods-MappableObjectGenerator-resources.sh\"\n";
			showEnvVarsInLog = 0;
		};
/* End PBXShellScriptBuildPhase section */

/* Begin PBXSourcesBuildPhase section */
		74FB4133203EC38C008E1959 /* Sources */ = {
			isa = PBXSourcesBuildPhase;
			buildActionMask = 2147483647;
			files = (
				74FB413A203EC38C008E1959 /* MappableObjectGeneratorTests.swift in Sources */,
				743A929520517D1B00668D76 /* _Employee.swift in Sources */,
				A83DFAD756C8667F51537956 /* _Image.swift in Sources */,
				743A929720518BB500668D76 /* Validators.swift in Sources */,
				743A92992051919700668D76 /* CodableType.swift in Sources */,
				A83DF70C20262AEE06145FB9 /* _Person.swift in Sources */,
				743A929D2051944600668D76 /* JSONSchemaReader.swift in Sources */,
			);
			runOnlyForDeploymentPostprocessing = 0;
		};
		8DD76FAB0486AB0100D96B5E /* Sources */ = {
			isa = PBXSourcesBuildPhase;
			buildActionMask = 2147483647;
			files = (
				74E87C28130C08720034B19F /* Main.m in Sources */,
			);
			runOnlyForDeploymentPostprocessing = 0;
		};
/* End PBXSourcesBuildPhase section */

/* Begin XCBuildConfiguration section */
		1DEB928608733DD80010E9CD /* Debug */ = {
			isa = XCBuildConfiguration;
			baseConfigurationReference = FDEC846FE1D6C60BA4B2FCFA /* Pods-MappableObjectGenerator.debug.xcconfig */;
			buildSettings = {
				COPY_PHASE_STRIP = NO;
				INFOPLIST_FILE = MappableObjectGenerator/Info.plist;
				INSTALL_PATH = /usr/local/bin;
				PRODUCT_BUNDLE_IDENTIFIER = com.behindmedia.mappableobjectgenerator;
				PRODUCT_NAME = MappableObjectGenerator;
			};
			name = Debug;
		};
		1DEB928708733DD80010E9CD /* Release */ = {
			isa = XCBuildConfiguration;
			baseConfigurationReference = EEA02DC87BE849939D65D4CF /* Pods-MappableObjectGenerator.release.xcconfig */;
			buildSettings = {
				INFOPLIST_FILE = MappableObjectGenerator/Info.plist;
				INSTALL_PATH = /usr/local/bin;
				PRODUCT_BUNDLE_IDENTIFIER = com.behindmedia.mappableobjectgenerator;
				PRODUCT_NAME = MappableObjectGenerator;
			};
			name = Release;
		};
		1DEB928A08733DD80010E9CD /* Debug */ = {
			isa = XCBuildConfiguration;
			buildSettings = {
				CLANG_ANALYZER_LOCALIZABILITY_NONLOCALIZED = YES;
				CLANG_ENABLE_OBJC_ARC = YES;
				CLANG_WARN_BLOCK_CAPTURE_AUTORELEASING = YES;
				CLANG_WARN_BOOL_CONVERSION = YES;
				CLANG_WARN_COMMA = YES;
				CLANG_WARN_CONSTANT_CONVERSION = YES;
				CLANG_WARN_EMPTY_BODY = YES;
				CLANG_WARN_ENUM_CONVERSION = YES;
				CLANG_WARN_INFINITE_RECURSION = YES;
				CLANG_WARN_INT_CONVERSION = YES;
				CLANG_WARN_NON_LITERAL_NULL_CONVERSION = YES;
				CLANG_WARN_OBJC_LITERAL_CONVERSION = YES;
				CLANG_WARN_RANGE_LOOP_ANALYSIS = YES;
				CLANG_WARN_STRICT_PROTOTYPES = YES;
				CLANG_WARN_SUSPICIOUS_MOVE = YES;
				CLANG_WARN_UNREACHABLE_CODE = YES;
				CLANG_WARN__DUPLICATE_METHOD_MATCH = YES;
				ENABLE_STRICT_OBJC_MSGSEND = YES;
				ENABLE_TESTABILITY = YES;
				GCC_C_LANGUAGE_STANDARD = gnu99;
				GCC_NO_COMMON_BLOCKS = YES;
				GCC_OPTIMIZATION_LEVEL = 0;
				GCC_PREPROCESSOR_DEFINITIONS = (
					"MAPPING_SERVICE_ENABLED=1",
					"MG_TEMPLATE_ENABLED=1",
					"XML_ENABLED=1",
					"DEBUG=1",
				);
				GCC_WARN_64_TO_32_BIT_CONVERSION = YES;
				GCC_WARN_ABOUT_RETURN_TYPE = YES;
				GCC_WARN_UNDECLARED_SELECTOR = YES;
				GCC_WARN_UNINITIALIZED_AUTOS = YES;
				GCC_WARN_UNUSED_FUNCTION = YES;
				GCC_WARN_UNUSED_VARIABLE = YES;
				HEADER_SEARCH_PATHS = (
					"$BMCOMMONS_SRC/Libraries/Common/Sources/**",
					$BMCOMMONS_SRC/Include,
				);
				MACOSX_DEPLOYMENT_TARGET = 10.9;
				ONLY_ACTIVE_ARCH = YES;
				SDKROOT = macosx;
			};
			name = Debug;
		};
		1DEB928B08733DD80010E9CD /* Release */ = {
			isa = XCBuildConfiguration;
			buildSettings = {
				CLANG_ANALYZER_LOCALIZABILITY_NONLOCALIZED = YES;
				CLANG_ENABLE_OBJC_ARC = YES;
				CLANG_WARN_BLOCK_CAPTURE_AUTORELEASING = YES;
				CLANG_WARN_BOOL_CONVERSION = YES;
				CLANG_WARN_COMMA = YES;
				CLANG_WARN_CONSTANT_CONVERSION = YES;
				CLANG_WARN_EMPTY_BODY = YES;
				CLANG_WARN_ENUM_CONVERSION = YES;
				CLANG_WARN_INFINITE_RECURSION = YES;
				CLANG_WARN_INT_CONVERSION = YES;
				CLANG_WARN_NON_LITERAL_NULL_CONVERSION = YES;
				CLANG_WARN_OBJC_LITERAL_CONVERSION = YES;
				CLANG_WARN_RANGE_LOOP_ANALYSIS = YES;
				CLANG_WARN_STRICT_PROTOTYPES = YES;
				CLANG_WARN_SUSPICIOUS_MOVE = YES;
				CLANG_WARN_UNREACHABLE_CODE = YES;
				CLANG_WARN__DUPLICATE_METHOD_MATCH = YES;
				ENABLE_STRICT_OBJC_MSGSEND = YES;
				GCC_C_LANGUAGE_STANDARD = gnu99;
				GCC_NO_COMMON_BLOCKS = YES;
				GCC_PREPROCESSOR_DEFINITIONS = (
					"MG_TEMPLATE_ENABLED=1",
					"MAPPING_SERVICE_ENABLED=1",
					"XML_ENABLED=1",
				);
				GCC_WARN_64_TO_32_BIT_CONVERSION = YES;
				GCC_WARN_ABOUT_RETURN_TYPE = YES;
				GCC_WARN_UNDECLARED_SELECTOR = YES;
				GCC_WARN_UNINITIALIZED_AUTOS = YES;
				GCC_WARN_UNUSED_FUNCTION = YES;
				GCC_WARN_UNUSED_VARIABLE = YES;
				HEADER_SEARCH_PATHS = (
					"$BMCOMMONS_SRC/Libraries/Common/Sources/**",
					$BMCOMMONS_SRC/Include,
				);
				MACOSX_DEPLOYMENT_TARGET = 10.9;
				SDKROOT = macosx;
				SWIFT_OPTIMIZATION_LEVEL = "-Owholemodule";
			};
			name = Release;
		};
		74FB413C203EC38C008E1959 /* Debug */ = {
			isa = XCBuildConfiguration;
			baseConfigurationReference = 937DD5D8EB934DEC297907C5 /* Pods-MappableObjectGeneratorTests.debug.xcconfig */;
			buildSettings = {
				ALWAYS_SEARCH_USER_PATHS = NO;
				CLANG_ANALYZER_NONNULL = YES;
				CLANG_ANALYZER_NUMBER_OBJECT_CONVERSION = YES_AGGRESSIVE;
				CLANG_CXX_LANGUAGE_STANDARD = "gnu++14";
				CLANG_CXX_LIBRARY = "libc++";
				CLANG_ENABLE_MODULES = YES;
				CLANG_WARN_DIRECT_OBJC_ISA_USAGE = YES_ERROR;
				CLANG_WARN_DOCUMENTATION_COMMENTS = YES;
				CLANG_WARN_OBJC_ROOT_CLASS = YES_ERROR;
				CLANG_WARN_UNGUARDED_AVAILABILITY = YES_AGGRESSIVE;
				CODE_SIGN_IDENTITY = "-";
				CODE_SIGN_STYLE = Automatic;
				COMBINE_HIDPI_IMAGES = YES;
				COPY_PHASE_STRIP = NO;
				DEBUG_INFORMATION_FORMAT = dwarf;
				GCC_C_LANGUAGE_STANDARD = gnu11;
				GCC_DYNAMIC_NO_PIC = NO;
				GCC_PREPROCESSOR_DEFINITIONS = (
					"DEBUG=1",
					"$(inherited)",
				);
				GCC_WARN_ABOUT_RETURN_TYPE = YES_ERROR;
				GCC_WARN_UNINITIALIZED_AUTOS = YES_AGGRESSIVE;
				INFOPLIST_FILE = MappableObjectGeneratorTests/Info.plist;
				LD_RUNPATH_SEARCH_PATHS = "$(inherited) @executable_path/../Frameworks @loader_path/../Frameworks";
				MACOSX_DEPLOYMENT_TARGET = 10.13;
				MTL_ENABLE_DEBUG_INFO = YES;
				PRODUCT_BUNDLE_IDENTIFIER = com.behindmedia.MappableObjectGeneratorTests;
				PRODUCT_NAME = "$(TARGET_NAME)";
				SWIFT_ACTIVE_COMPILATION_CONDITIONS = DEBUG;
				SWIFT_OBJC_BRIDGING_HEADER = "MappableObjectGeneratorTests/MappableObjectGeneratorTests-Bridging.h";
				SWIFT_OPTIMIZATION_LEVEL = "-Onone";
				SWIFT_VERSION = 4.0;
			};
			name = Debug;
		};
		74FB413D203EC38C008E1959 /* Release */ = {
			isa = XCBuildConfiguration;
			baseConfigurationReference = BB9B7E4087A26B8690C6B568 /* Pods-MappableObjectGeneratorTests.release.xcconfig */;
			buildSettings = {
				ALWAYS_SEARCH_USER_PATHS = NO;
				CLANG_ANALYZER_NONNULL = YES;
				CLANG_ANALYZER_NUMBER_OBJECT_CONVERSION = YES_AGGRESSIVE;
				CLANG_CXX_LANGUAGE_STANDARD = "gnu++14";
				CLANG_CXX_LIBRARY = "libc++";
				CLANG_ENABLE_MODULES = YES;
				CLANG_WARN_DIRECT_OBJC_ISA_USAGE = YES_ERROR;
				CLANG_WARN_DOCUMENTATION_COMMENTS = YES;
				CLANG_WARN_OBJC_ROOT_CLASS = YES_ERROR;
				CLANG_WARN_UNGUARDED_AVAILABILITY = YES_AGGRESSIVE;
				CODE_SIGN_IDENTITY = "-";
				CODE_SIGN_STYLE = Automatic;
				COMBINE_HIDPI_IMAGES = YES;
				COPY_PHASE_STRIP = NO;
				DEBUG_INFORMATION_FORMAT = "dwarf-with-dsym";
				ENABLE_NS_ASSERTIONS = NO;
				GCC_C_LANGUAGE_STANDARD = gnu11;
				GCC_WARN_ABOUT_RETURN_TYPE = YES_ERROR;
				GCC_WARN_UNINITIALIZED_AUTOS = YES_AGGRESSIVE;
				INFOPLIST_FILE = MappableObjectGeneratorTests/Info.plist;
				LD_RUNPATH_SEARCH_PATHS = "$(inherited) @executable_path/../Frameworks @loader_path/../Frameworks";
				MACOSX_DEPLOYMENT_TARGET = 10.13;
				MTL_ENABLE_DEBUG_INFO = NO;
				PRODUCT_BUNDLE_IDENTIFIER = com.behindmedia.MappableObjectGeneratorTests;
				PRODUCT_NAME = "$(TARGET_NAME)";
				SWIFT_OBJC_BRIDGING_HEADER = "MappableObjectGeneratorTests/MappableObjectGeneratorTests-Bridging.h";
				SWIFT_OPTIMIZATION_LEVEL = "-Owholemodule";
				SWIFT_VERSION = 4.0;
			};
			name = Release;
		};
/* End XCBuildConfiguration section */

/* Begin XCConfigurationList section */
		1DEB928508733DD80010E9CD /* Build configuration list for PBXNativeTarget "MappableObjectGenerator" */ = {
			isa = XCConfigurationList;
			buildConfigurations = (
				1DEB928608733DD80010E9CD /* Debug */,
				1DEB928708733DD80010E9CD /* Release */,
			);
			defaultConfigurationIsVisible = 0;
			defaultConfigurationName = Release;
		};
		1DEB928908733DD80010E9CD /* Build configuration list for PBXProject "MappableObjectGenerator" */ = {
			isa = XCConfigurationList;
			buildConfigurations = (
				1DEB928A08733DD80010E9CD /* Debug */,
				1DEB928B08733DD80010E9CD /* Release */,
			);
			defaultConfigurationIsVisible = 0;
			defaultConfigurationName = Release;
		};
		74FB413E203EC38C008E1959 /* Build configuration list for PBXNativeTarget "MappableObjectGeneratorTests" */ = {
			isa = XCConfigurationList;
			buildConfigurations = (
				74FB413C203EC38C008E1959 /* Debug */,
				74FB413D203EC38C008E1959 /* Release */,
			);
			defaultConfigurationIsVisible = 0;
			defaultConfigurationName = Release;
		};
/* End XCConfigurationList section */
	};
	rootObject = 08FB7793FE84155DC02AAC07 /* Project object */;
}
