PODS:
  - BMCommons/BMCore (0.3.3)
  - BMCommons/BMRestKit (0.3.3):
    - BMCommons/BMXML
    - eli-yajl-objc (= 0.3.0)
  - BMCommons/BMXML (0.3.3):
    - BMCommons/BMCore
  - eli-yajl-objc (0.3.0)
  - KiteJSONValidator (0.2.3):
    - KiteJSONValidator/KiteJSONResources (= 0.2.3)
  - KiteJSONValidator/KiteJSONResources (0.2.3)

DEPENDENCIES:
  - BMCommons/BMCore (from `../BMCommons`)
  - BMCommons/BMRestKit (from `../BMCommons`)
  - BMCommons/BMXML (from `../BMCommons`)
  - KiteJSONValidator (from `../KiteJSONValidator`)

EXTERNAL SOURCES:
  BMCommons:
    :path: ../BMCommons
  KiteJSONValidator:
    :path: ../KiteJSONValidator

SPEC CHECKSUMS:
  BMCommons: 3db0bcf9abbfd344f035db6f23c5ce6ebc87ce95
  eli-yajl-objc: ddc3c548cdae3ceddc7897fc08bae6ce78526b8b
  KiteJSONValidator: 5aff4d91045df39d2e9f7d20ac811bbac7e8b846

PODFILE CHECKSUM: c97e4913d62af6ae1935907c1bd6fe11ff51c91f

COCOAPODS: 1.3.1
